
Microsoft Visual Studio Solution File, Format Version 12.00
Project("{FAE04EC0-301F-11D3-BF4B-00C04F79EFBC}") = "TaskTracker.Domain", "TaskTracker.Domain\TaskTracker.Domain.csproj", "{856805E7-C60B-458B-BF27-37737F388651}"
EndProject
Project("{FAE04EC0-301F-11D3-BF4B-00C04F79EFBC}") = "TaskTracker.Infrastructure", "TaskTracker.Infrastructure\TaskTracker.Infrastructure.csproj", "{8F2B3B2B-155C-45C0-987D-9C002BE2D1F1}"
EndProject
Project("{FAE04EC0-301F-11D3-BF4B-00C04F79EFBC}") = "TaskTracker.Application", "TaskTracker.Application\TaskTracker.Application.csproj", "{EDD7DD92-B197-4144-A1FD-F92207910756}"
EndProject
Project("{FAE04EC0-301F-11D3-BF4B-00C04F79EFBC}") = "TaskTracker.Presentation", "TaskTracker.Presentation\TaskTracker.Presentation.csproj", "{CA399209-5A0B-4189-9376-AD7FAD741730}"
EndProject
Project("{2150E333-8FDC-42A3-9474-1A3956D46DE8}") = "Solution Items", "Solution Items", "{B1B486CA-7F86-4C3F-B521-D1EF09293605}"
	ProjectSection(SolutionItems) = preProject
		compose.yaml = compose.yaml
	EndProjectSection
EndProject
Global
	GlobalSection(SolutionConfigurationPlatforms) = preSolution
		Debug|Any CPU = Debug|Any CPU
		Release|Any CPU = Release|Any CPU
	EndGlobalSection
	GlobalSection(ProjectConfigurationPlatforms) = postSolution
		{856805E7-C60B-458B-BF27-37737F388651}.Debug|Any CPU.ActiveCfg = Debug|Any CPU
		{856805E7-C60B-458B-BF27-37737F388651}.Debug|Any CPU.Build.0 = Debug|Any CPU
		{856805E7-C60B-458B-BF27-37737F388651}.Release|Any CPU.ActiveCfg = Release|Any CPU
		{856805E7-C60B-458B-BF27-37737F388651}.Release|Any CPU.Build.0 = Release|Any CPU
		{8F2B3B2B-155C-45C0-987D-9C002BE2D1F1}.Debug|Any CPU.ActiveCfg = Debug|Any CPU
		{8F2B3B2B-155C-45C0-987D-9C002BE2D1F1}.Debug|Any CPU.Build.0 = Debug|Any CPU
		{8F2B3B2B-155C-45C0-987D-9C002BE2D1F1}.Release|Any CPU.ActiveCfg = Release|Any CPU
		{8F2B3B2B-155C-45C0-987D-9C002BE2D1F1}.Release|Any CPU.Build.0 = Release|Any CPU
		{EDD7DD92-B197-4144-A1FD-F92207910756}.Debug|Any CPU.ActiveCfg = Debug|Any CPU
		{EDD7DD92-B197-4144-A1FD-F92207910756}.Debug|Any CPU.Build.0 = Debug|Any CPU
		{EDD7DD92-B197-4144-A1FD-F92207910756}.Release|Any CPU.ActiveCfg = Release|Any CPU
		{EDD7DD92-B197-4144-A1FD-F92207910756}.Release|Any CPU.Build.0 = Release|Any CPU
		{CA399209-5A0B-4189-9376-AD7FAD741730}.Debug|Any CPU.ActiveCfg = Debug|Any CPU
		{CA399209-5A0B-4189-9376-AD7FAD741730}.Debug|Any CPU.Build.0 = Debug|Any CPU
		{CA399209-5A0B-4189-9376-AD7FAD741730}.Release|Any CPU.ActiveCfg = Release|Any CPU
		{CA399209-5A0B-4189-9376-AD7FAD741730}.Release|Any CPU.Build.0 = Release|Any CPU
	EndGlobalSection
EndGlobal
